
Microsoft Visual Studio Solution File, Format Version 12.00
# Visual Studio Version 16
VisualStudioVersion = 16.0.30204.135
MinimumVisualStudioVersion = 10.0.40219.1
Project("{FAE04EC0-301F-11D3-BF4B-00C04F79EFBC}") = "Practica", "Practica\Practica.csproj", "{2FE37D03-93FA-41B2-B6CB-52A929AD2A2B}"
EndProject
Project("{FAE04EC0-301F-11D3-BF4B-00C04F79EFBC}") = "Test", "Test\Test.csproj", "{CD25F596-A98E-44D4-804A-8EB73950C7DE}"
EndProject
Global
	GlobalSection(SolutionConfigurationPlatforms) = preSolution
		Debug|Any CPU = Debug|Any CPU
		Release|Any CPU = Release|Any CPU
	EndGlobalSection
	GlobalSection(ProjectConfigurationPlatforms) = postSolution
		{2FE37D03-93FA-41B2-B6CB-52A929AD2A2B}.Debug|Any CPU.ActiveCfg = Debug|Any CPU
		{2FE37D03-93FA-41B2-B6CB-52A929AD2A2B}.Debug|Any CPU.Build.0 = Debug|Any CPU
		{2FE37D03-93FA-41B2-B6CB-52A929AD2A2B}.Release|Any CPU.ActiveCfg = Release|Any CPU
		{2FE37D03-93FA-41B2-B6CB-52A929AD2A2B}.Release|Any CPU.Build.0 = Release|Any CPU
		{CD25F596-A98E-44D4-804A-8EB73950C7DE}.Debug|Any CPU.ActiveCfg = Debug|Any CPU
		{CD25F596-A98E-44D4-804A-8EB73950C7DE}.Debug|Any CPU.Build.0 = Debug|Any CPU
		{CD25F596-A98E-44D4-804A-8EB73950C7DE}.Release|Any CPU.ActiveCfg = Release|Any CPU
		{CD25F596-A98E-44D4-804A-8EB73950C7DE}.Release|Any CPU.Build.0 = Release|Any CPU
	EndGlobalSection
	GlobalSection(SolutionProperties) = preSolution
		HideSolutionNode = FALSE
	EndGlobalSection
	GlobalSection(ExtensibilityGlobals) = postSolution
		SolutionGuid = {9C21F564-C7E4-4FD9-B4AA-00EF943573D6}
	EndGlobalSection
EndGlobal
